
Microsoft Visual Studio Solution File, Format Version 12.00
# Visual Studio Version 17
VisualStudioVersion = 17.7.34031.279
MinimumVisualStudioVersion = 10.0.40219.1
Project("{FAE04EC0-301F-11D3-BF4B-00C04F79EFBC}") = "FabrikaVT", "FabrikaVT\FabrikaVT.csproj", "{BFC24174-730C-4098-B667-2CADC0BF48B5}"
EndProject
Global
	GlobalSection(SolutionConfigurationPlatforms) = preSolution
		Debug|Any CPU = Debug|Any CPU
		Release|Any CPU = Release|Any CPU
	EndGlobalSection
	GlobalSection(ProjectConfigurationPlatforms) = postSolution
		{BFC24174-730C-4098-B667-2CADC0BF48B5}.Debug|Any CPU.ActiveCfg = Debug|Any CPU
		{BFC24174-730C-4098-B667-2CADC0BF48B5}.Debug|Any CPU.Build.0 = Debug|Any CPU
		{BFC24174-730C-4098-B667-2CADC0BF48B5}.Release|Any CPU.ActiveCfg = Release|Any CPU
		{BFC24174-730C-4098-B667-2CADC0BF48B5}.Release|Any CPU.Build.0 = Release|Any CPU
	EndGlobalSection
	GlobalSection(SolutionProperties) = preSolution
		HideSolutionNode = FALSE
	EndGlobalSection
	GlobalSection(ExtensibilityGlobals) = postSolution
		SolutionGuid = {CD0CDC27-728B-4EEA-9900-BE0705696819}
	EndGlobalSection
EndGlobal
